// !$*UTF8*$!
{
	archiveVersion = 1;
	classes = {
	};
	objectVersion = 48;
	objects = {

/* Begin PBXBuildFile section */
		A5539C4B20492DB90005BB50 /* AVKit.framework in Frameworks */ = {isa = PBXBuildFile; fileRef = A5539C4920492DB90005BB50 /* AVKit.framework */; };
		A5539C4C20492DB90005BB50 /* AVFoundation.framework in Frameworks */ = {isa = PBXBuildFile; fileRef = A5539C4A20492DB90005BB50 /* AVFoundation.framework */; };
		A5539C59204CDAD70005BB50 /* UIImage+Extension.swift in Sources */ = {isa = PBXBuildFile; fileRef = A5539C58204CDAD70005BB50 /* UIImage+Extension.swift */; };
		A5539C6B204D15010005BB50 /* CIImage+Extension.swift in Sources */ = {isa = PBXBuildFile; fileRef = A5539C6A204D15010005BB50 /* CIImage+Extension.swift */; };
		A55E2415204FC7D200414E39 /* AlphanoteNew.mlmodel in Sources */ = {isa = PBXBuildFile; fileRef = A55E2414204FC7D200414E39 /* AlphanoteNew.mlmodel */; };
		A5B2823F2048D0CD0098743C /* AppDelegate.swift in Sources */ = {isa = PBXBuildFile; fileRef = A5B2823E2048D0CD0098743C /* AppDelegate.swift */; };
		A5B282412048D0CD0098743C /* ViewController.swift in Sources */ = {isa = PBXBuildFile; fileRef = A5B282402048D0CD0098743C /* ViewController.swift */; };
		A5B282442048D0CD0098743C /* Main.storyboard in Resources */ = {isa = PBXBuildFile; fileRef = A5B282422048D0CD0098743C /* Main.storyboard */; };
		A5B282462048D0CD0098743C /* Assets.xcassets in Resources */ = {isa = PBXBuildFile; fileRef = A5B282452048D0CD0098743C /* Assets.xcassets */; };
		A5B282492048D0CD0098743C /* LaunchScreen.storyboard in Resources */ = {isa = PBXBuildFile; fileRef = A5B282472048D0CD0098743C /* LaunchScreen.storyboard */; };
/* End PBXBuildFile section */

/* Begin PBXFileReference section */
		A5539C4920492DB90005BB50 /* AVKit.framework */ = {isa = PBXFileReference; lastKnownFileType = wrapper.framework; name = AVKit.framework; path = System/Library/Frameworks/AVKit.framework; sourceTree = SDKROOT; };
		A5539C4A20492DB90005BB50 /* AVFoundation.framework */ = {isa = PBXFileReference; lastKnownFileType = wrapper.framework; name = AVFoundation.framework; path = System/Library/Frameworks/AVFoundation.framework; sourceTree = SDKROOT; };
		A5539C58204CDAD70005BB50 /* UIImage+Extension.swift */ = {isa = PBXFileReference; lastKnownFileType = sourcecode.swift; path = "UIImage+Extension.swift"; sourceTree = "<group>"; };
		A5539C6A204D15010005BB50 /* CIImage+Extension.swift */ = {isa = PBXFileReference; fileEncoding = 4; lastKnownFileType = sourcecode.swift; path = "CIImage+Extension.swift"; sourceTree = "<group>"; };
		A55E2414204FC7D200414E39 /* AlphanoteNew.mlmodel */ = {isa = PBXFileReference; lastKnownFileType = file.mlmodel; path = AlphanoteNew.mlmodel; sourceTree = "<group>"; };
		A5B2823B2048D0CD0098743C /* ImageClassification.app */ = {isa = PBXFileReference; explicitFileType = wrapper.application; includeInIndex = 0; path = ImageClassification.app; sourceTree = BUILT_PRODUCTS_DIR; };
		A5B2823E2048D0CD0098743C /* AppDelegate.swift */ = {isa = PBXFileReference; lastKnownFileType = sourcecode.swift; path = AppDelegate.swift; sourceTree = "<group>"; };
		A5B282402048D0CD0098743C /* ViewController.swift */ = {isa = PBXFileReference; lastKnownFileType = sourcecode.swift; path = ViewController.swift; sourceTree = "<group>"; };
		A5B282432048D0CD0098743C /* Base */ = {isa = PBXFileReference; lastKnownFileType = file.storyboard; name = Base; path = Base.lproj/Main.storyboard; sourceTree = "<group>"; };
		A5B282452048D0CD0098743C /* Assets.xcassets */ = {isa = PBXFileReference; lastKnownFileType = folder.assetcatalog; path = Assets.xcassets; sourceTree = "<group>"; };
		A5B282482048D0CD0098743C /* Base */ = {isa = PBXFileReference; lastKnownFileType = file.storyboard; name = Base; path = Base.lproj/LaunchScreen.storyboard; sourceTree = "<group>"; };
		A5B2824A2048D0CD0098743C /* Info.plist */ = {isa = PBXFileReference; lastKnownFileType = text.plist.xml; path = Info.plist; sourceTree = "<group>"; };
/* End PBXFileReference section */

/* Begin PBXFrameworksBuildPhase section */
		A5B282382048D0CD0098743C /* Frameworks */ = {
			isa = PBXFrameworksBuildPhase;
			buildActionMask = 2147483647;
			files = (
				A5539C4B20492DB90005BB50 /* AVKit.framework in Frameworks */,
				A5539C4C20492DB90005BB50 /* AVFoundation.framework in Frameworks */,
			);
			runOnlyForDeploymentPostprocessing = 0;
		};
/* End PBXFrameworksBuildPhase section */

/* Begin PBXGroup section */
		A5539C4820492DB80005BB50 /* Frameworks */ = {
			isa = PBXGroup;
			children = (
				A5539C4A20492DB90005BB50 /* AVFoundation.framework */,
				A5539C4920492DB90005BB50 /* AVKit.framework */,
			);
			name = Frameworks;
			sourceTree = "<group>";
		};
		A5B282322048D0CD0098743C = {
			isa = PBXGroup;
			children = (
				A5B2823D2048D0CD0098743C /* ImageClassification */,
				A5B2823C2048D0CD0098743C /* Products */,
				A5539C4820492DB80005BB50 /* Frameworks */,
			);
			sourceTree = "<group>";
		};
		A5B2823C2048D0CD0098743C /* Products */ = {
			isa = PBXGroup;
			children = (
				A5B2823B2048D0CD0098743C /* ImageClassification.app */,
			);
			name = Products;
			sourceTree = "<group>";
		};
		A5B2823D2048D0CD0098743C /* ImageClassification */ = {
			isa = PBXGroup;
			children = (
				A55E2414204FC7D200414E39 /* AlphanoteNew.mlmodel */,
				A5B2823E2048D0CD0098743C /* AppDelegate.swift */,
				A5B282402048D0CD0098743C /* ViewController.swift */,
				A5B282422048D0CD0098743C /* Main.storyboard */,
				A5B282452048D0CD0098743C /* Assets.xcassets */,
				A5B282472048D0CD0098743C /* LaunchScreen.storyboard */,
				A5B2824A2048D0CD0098743C /* Info.plist */,
				A5539C58204CDAD70005BB50 /* UIImage+Extension.swift */,
				A5539C6A204D15010005BB50 /* CIImage+Extension.swift */,
			);
			path = ImageClassification;
			sourceTree = "<group>";
		};
/* End PBXGroup section */

/* Begin PBXNativeTarget section */
		A5B2823A2048D0CD0098743C /* ImageClassification */ = {
			isa = PBXNativeTarget;
			buildConfigurationList = A5B2824D2048D0CD0098743C /* Build configuration list for PBXNativeTarget "ImageClassification" */;
			buildPhases = (
				A5B282372048D0CD0098743C /* Sources */,
				A5B282382048D0CD0098743C /* Frameworks */,
				A5B282392048D0CD0098743C /* Resources */,
			);
			buildRules = (
			);
			dependencies = (
			);
			name = ImageClassification;
			productName = ImageClassification;
			productReference = A5B2823B2048D0CD0098743C /* ImageClassification.app */;
			productType = "com.apple.product-type.application";
		};
/* End PBXNativeTarget section */

/* Begin PBXProject section */
		A5B282332048D0CD0098743C /* Project object */ = {
			isa = PBXProject;
			attributes = {
				LastSwiftUpdateCheck = 0920;
				LastUpgradeCheck = 0920;
				ORGANIZATIONNAME = "Mohammed Elsammak";
				TargetAttributes = {
					A5B2823A2048D0CD0098743C = {
						CreatedOnToolsVersion = 9.2;
						LastSwiftMigration = 0920;
						ProvisioningStyle = Automatic;
					};
				};
			};
			buildConfigurationList = A5B282362048D0CD0098743C /* Build configuration list for PBXProject "ImageClassification" */;
			compatibilityVersion = "Xcode 8.0";
			developmentRegion = en;
			hasScannedForEncodings = 0;
			knownRegions = (
				en,
				Base,
			);
			mainGroup = A5B282322048D0CD0098743C;
			productRefGroup = A5B2823C2048D0CD0098743C /* Products */;
			projectDirPath = "";
			projectRoot = "";
			targets = (
				A5B2823A2048D0CD0098743C /* ImageClassification */,
			);
		};
/* End PBXProject section */

/* Begin PBXResourcesBuildPhase section */
		A5B282392048D0CD0098743C /* Resources */ = {
			isa = PBXResourcesBuildPhase;
			buildActionMask = 2147483647;
			files = (
				A5B282492048D0CD0098743C /* LaunchScreen.storyboard in Resources */,
				A5B282462048D0CD0098743C /* Assets.xcassets in Resources */,
				A5B282442048D0CD0098743C /* Main.storyboard in Resources */,
			);
			runOnlyForDeploymentPostprocessing = 0;
		};
/* End PBXResourcesBuildPhase section */

/* Begin PBXSourcesBuildPhase section */
		A5B282372048D0CD0098743C /* Sources */ = {
			isa = PBXSourcesBuildPhase;
			buildActionMask = 2147483647;
			files = (
				A5B282412048D0CD0098743C /* ViewController.swift in Sources */,
				A5539C59204CDAD70005BB50 /* UIImage+Extension.swift in Sources */,
				A55E2415204FC7D200414E39 /* AlphanoteNew.mlmodel in Sources */,
				A5539C6B204D15010005BB50 /* CIImage+Extension.swift in Sources */,
				A5B2823F2048D0CD0098743C /* AppDelegate.swift in Sources */,
			);
			runOnlyForDeploymentPostprocessing = 0;
		};
/* End PBXSourcesBuildPhase section */

/* Begin PBXVariantGroup section */
		A5B282422048D0CD0098743C /* Main.storyboard */ = {
			isa = PBXVariantGroup;
			children = (
				A5B282432048D0CD0098743C /* Base */,
			);
			name = Main.storyboard;
			sourceTree = "<group>";
		};
		A5B282472048D0CD0098743C /* LaunchScreen.storyboard */ = {
			isa = PBXVariantGroup;
			children = (
				A5B282482048D0CD0098743C /* Base */,
			);
			name = LaunchScreen.storyboard;
			sourceTree = "<group>";
		};
/* End PBXVariantGroup section */

/* Begin XCBuildConfiguration section */
		A5B2824B2048D0CD0098743C /* Debug */ = {
			isa = XCBuildConfiguration;
			buildSettings = {
				ALWAYS_SEARCH_USER_PATHS = NO;
				CLANG_ANALYZER_NONNULL = YES;
				CLANG_ANALYZER_NUMBER_OBJECT_CONVERSION = YES_AGGRESSIVE;
				CLANG_CXX_LANGUAGE_STANDARD = "gnu++14";
				CLANG_CXX_LIBRARY = "libc++";
				CLANG_ENABLE_MODULES = YES;
				CLANG_ENABLE_OBJC_ARC = YES;
				CLANG_WARN_BLOCK_CAPTURE_AUTORELEASING = YES;
				CLANG_WARN_BOOL_CONVERSION = YES;
				CLANG_WARN_COMMA = YES;
				CLANG_WARN_CONSTANT_CONVERSION = YES;
				CLANG_WARN_DIRECT_OBJC_ISA_USAGE = YES_ERROR;
				CLANG_WARN_DOCUMENTATION_COMMENTS = YES;
				CLANG_WARN_EMPTY_BODY = YES;
				CLANG_WARN_ENUM_CONVERSION = YES;
				CLANG_WARN_INFINITE_RECURSION = YES;
				CLANG_WARN_INT_CONVERSION = YES;
				CLANG_WARN_NON_LITERAL_NULL_CONVERSION = YES;
				CLANG_WARN_OBJC_LITERAL_CONVERSION = YES;
				CLANG_WARN_OBJC_ROOT_CLASS = YES_ERROR;
				CLANG_WARN_RANGE_LOOP_ANALYSIS = YES;
				CLANG_WARN_STRICT_PROTOTYPES = YES;
				CLANG_WARN_SUSPICIOUS_MOVE = YES;
				CLANG_WARN_UNGUARDED_AVAILABILITY = YES_AGGRESSIVE;
				CLANG_WARN_UNREACHABLE_CODE = YES;
				CLANG_WARN__DUPLICATE_METHOD_MATCH = YES;
				CODE_SIGN_IDENTITY = "iPhone Developer";
				COPY_PHASE_STRIP = NO;
				DEBUG_INFORMATION_FORMAT = dwarf;
				ENABLE_STRICT_OBJC_MSGSEND = YES;
				ENABLE_TESTABILITY = YES;
				GCC_C_LANGUAGE_STANDARD = gnu11;
				GCC_DYNAMIC_NO_PIC = NO;
				GCC_NO_COMMON_BLOCKS = YES;
				GCC_OPTIMIZATION_LEVEL = 0;
				GCC_PREPROCESSOR_DEFINITIONS = (
					"DEBUG=1",
					"$(inherited)",
				);
				GCC_WARN_64_TO_32_BIT_CONVERSION = YES;
				GCC_WARN_ABOUT_RETURN_TYPE = YES_ERROR;
				GCC_WARN_UNDECLARED_SELECTOR = YES;
				GCC_WARN_UNINITIALIZED_AUTOS = YES_AGGRESSIVE;
				GCC_WARN_UNUSED_FUNCTION = YES;
				GCC_WARN_UNUSED_VARIABLE = YES;
				IPHONEOS_DEPLOYMENT_TARGET = 11.2;
				MTL_ENABLE_DEBUG_INFO = YES;
				ONLY_ACTIVE_ARCH = YES;
				SDKROOT = iphoneos;
				SWIFT_ACTIVE_COMPILATION_CONDITIONS = DEBUG;
				SWIFT_OPTIMIZATION_LEVEL = "-Onone";
			};
			name = Debug;
		};
		A5B2824C2048D0CD0098743C /* Release */ = {
			isa = XCBuildConfiguration;
			buildSettings = {
				ALWAYS_SEARCH_USER_PATHS = NO;
				CLANG_ANALYZER_NONNULL = YES;
				CLANG_ANALYZER_NUMBER_OBJECT_CONVERSION = YES_AGGRESSIVE;
				CLANG_CXX_LANGUAGE_STANDARD = "gnu++14";
				CLANG_CXX_LIBRARY = "libc++";
				CLANG_ENABLE_MODULES = YES;
				CLANG_ENABLE_OBJC_ARC = YES;
				CLANG_WARN_BLOCK_CAPTURE_AUTORELEASING = YES;
				CLANG_WARN_BOOL_CONVERSION = YES;
				CLANG_WARN_COMMA = YES;
				CLANG_WARN_CONSTANT_CONVERSION = YES;
				CLANG_WARN_DIRECT_OBJC_ISA_USAGE = YES_ERROR;
				CLANG_WARN_DOCUMENTATION_COMMENTS = YES;
				CLANG_WARN_EMPTY_BODY = YES;
				CLANG_WARN_ENUM_CONVERSION = YES;
				CLANG_WARN_INFINITE_RECURSION = YES;
				CLANG_WARN_INT_CONVERSION = YES;
				CLANG_WARN_NON_LITERAL_NULL_CONVERSION = YES;
				CLANG_WARN_OBJC_LITERAL_CONVERSION = YES;
				CLANG_WARN_OBJC_ROOT_CLASS = YES_ERROR;
				CLANG_WARN_RANGE_LOOP_ANALYSIS = YES;
				CLANG_WARN_STRICT_PROTOTYPES = YES;
				CLANG_WARN_SUSPICIOUS_MOVE = YES;
				CLANG_WARN_UNGUARDED_AVAILABILITY = YES_AGGRESSIVE;
				CLANG_WARN_UNREACHABLE_CODE = YES;
				CLANG_WARN__DUPLICATE_METHOD_MATCH = YES;
				CODE_SIGN_IDENTITY = "iPhone Developer";
				COPY_PHASE_STRIP = NO;
				DEBUG_INFORMATION_FORMAT = "dwarf-with-dsym";
				ENABLE_NS_ASSERTIONS = NO;
				ENABLE_STRICT_OBJC_MSGSEND = YES;
				GCC_C_LANGUAGE_STANDARD = gnu11;
				GCC_NO_COMMON_BLOCKS = YES;
				GCC_WARN_64_TO_32_BIT_CONVERSION = YES;
				GCC_WARN_ABOUT_RETURN_TYPE = YES_ERROR;
				GCC_WARN_UNDECLARED_SELECTOR = YES;
				GCC_WARN_UNINITIALIZED_AUTOS = YES_AGGRESSIVE;
				GCC_WARN_UNUSED_FUNCTION = YES;
				GCC_WARN_UNUSED_VARIABLE = YES;
				IPHONEOS_DEPLOYMENT_TARGET = 11.2;
				MTL_ENABLE_DEBUG_INFO = NO;
				SDKROOT = iphoneos;
				SWIFT_OPTIMIZATION_LEVEL = "-Owholemodule";
				VALIDATE_PRODUCT = YES;
			};
			name = Release;
		};
		A5B2824E2048D0CD0098743C /* Debug */ = {
			isa = XCBuildConfiguration;
			buildSettings = {
				ASSETCATALOG_COMPILER_APPICON_NAME = AppIcon;
				CLANG_ENABLE_MODULES = YES;
				CODE_SIGN_STYLE = Automatic;
				DEVELOPMENT_TEAM = 56945W66JQ;
				INFOPLIST_FILE = ImageClassification/Info.plist;
				LD_RUNPATH_SEARCH_PATHS = "$(inherited) @executable_path/Frameworks";
				PRODUCT_BUNDLE_IDENTIFIER = "alpha-connection.ImageClassification";
				PRODUCT_NAME = "$(TARGET_NAME)";
				SWIFT_OBJC_BRIDGING_HEADER = "";
				SWIFT_OPTIMIZATION_LEVEL = "-Onone";
				SWIFT_VERSION = 4.0;
				TARGETED_DEVICE_FAMILY = "1,2";
			};
			name = Debug;
		};
		A5B2824F2048D0CD0098743C /* Release */ = {
			isa = XCBuildConfiguration;
			buildSettings = {
				ASSETCATALOG_COMPILER_APPICON_NAME = AppIcon;
				CLANG_ENABLE_MODULES = YES;
				CODE_SIGN_STYLE = Automatic;
				DEVELOPMENT_TEAM = 56945W66JQ;
				INFOPLIST_FILE = ImageClassification/Info.plist;
				LD_RUNPATH_SEARCH_PATHS = "$(inherited) @executable_path/Frameworks";
				PRODUCT_BUNDLE_IDENTIFIER = "alpha-connection.ImageClassification";
				PRODUCT_NAME = "$(TARGET_NAME)";
				SWIFT_OBJC_BRIDGING_HEADER = "";
				SWIFT_VERSION = 4.0;
				TARGETED_DEVICE_FAMILY = "1,2";
			};
			name = Release;
		};
/* End XCBuildConfiguration section */

/* Begin XCConfigurationList section */
		A5B282362048D0CD0098743C /* Build configuration list for PBXProject "ImageClassification" */ = {
			isa = XCConfigurationList;
			buildConfigurations = (
				A5B2824B2048D0CD0098743C /* Debug */,
				A5B2824C2048D0CD0098743C /* Release */,
			);
			defaultConfigurationIsVisible = 0;
			defaultConfigurationName = Release;
		};
		A5B2824D2048D0CD0098743C /* Build configuration list for PBXNativeTarget "ImageClassification" */ = {
			isa = XCConfigurationList;
			buildConfigurations = (
				A5B2824E2048D0CD0098743C /* Debug */,
				A5B2824F2048D0CD0098743C /* Release */,
			);
			defaultConfigurationIsVisible = 0;
			defaultConfigurationName = Release;
		};
/* End XCConfigurationList section */
	};
	rootObject = A5B282332048D0CD0098743C /* Project object */;
}
